Microsoft Visual Studio Solution File, Format Version 12.00
# Visual Studio Version 17
VisualStudioVersion = 17.5.2.0
MinimumVisualStudioVersion = 10.0.40219.1
Project("{FAE04EC0-301F-11D3-BF4B-00C04F79EFBC}") = "labcsharp", "labcsharp.csproj", "{854DEF57-7F81-DD40-4335-3B041D444843}"
EndProject
Global
	GlobalSection(SolutionConfigurationPlatforms) = preSolution
		Debug|Any CPU = Debug|Any CPU
		Release|Any CPU = Release|Any CPU
	EndGlobalSection
	GlobalSection(ProjectConfigurationPlatforms) = postSolution
		{854DEF57-7F81-DD40-4335-3B041D444843}.Debug|Any CPU.ActiveCfg = Debug|Any CPU
		{854DEF57-7F81-DD40-4335-3B041D444843}.Debug|Any CPU.Build.0 = Debug|Any CPU
		{854DEF57-7F81-DD40-4335-3B041D444843}.Release|Any CPU.ActiveCfg = Release|Any CPU
		{854DEF57-7F81-DD40-4335-3B041D444843}.Release|Any CPU.Build.0 = Release|Any CPU
	EndGlobalSection
	GlobalSection(SolutionProperties) = preSolution
		HideSolutionNode = FALSE
	EndGlobalSection
	GlobalSection(ExtensibilityGlobals) = postSolution
		SolutionGuid = {1BC6C5F2-FDC3-46CF-BF1A-500783B01A4D}
	EndGlobalSection
EndGlobal
